{
  "name": "@mrship/xtools",
  "version": "1.0.8",
  "lockfileVersion": 2,
  "requires": true,
  "packages": {
    "": {
      "name": "@mrship/xtools",
      "version": "1.0.8",
      "license": "ISC",
      "dependencies": {
        "commander": "^9.4.1",
        "moment": "^2.29.4",
        "moment-timezone": "^0.5.39"
      },
      "bin": {
        "xtools": "index.js"
      }
    },
    "node_modules/commander": {
      "version": "9.4.1",
      "resolved": "https://registry.npmjs.org/commander/-/commander-9.4.1.tgz",
      "integrity": "sha512-5EEkTNyHNGFPD2H+c/dXXfQZYa/scCKasxWcXJaWnNJ99pnQN9Vnmqow+p+PlFPE63Q6mThaZws1T+HxfpgtPw==",
      "engines": {
        "node": "^12.20.0 || >=14"
      }
    },
    "node_modules/moment": {
      "version": "2.29.4",
      "resolved": "https://registry.npmjs.org/moment/-/moment-2.29.4.tgz",
      "integrity": "sha512-5LC9SOxjSc2HF6vO2CyuTDNivEdoz2IvyJJGj6X8DJ0eFyfszE0QiEd+iXmBvUP3WHxSjFH/vIsA0EN00cgr8w==",
      "engines": {
        "node": "*"
      }
    },
    "node_modules/moment-timezone": {
      "version": "0.5.39",
      "resolved": "https://registry.npmjs.org/moment-timezone/-/moment-timezone-0.5.39.tgz",
      "integrity": "sha512-hoB6suq4ISDj7BDgctiOy6zljBsdYT0++0ZzZm9rtxIvJhIbQ3nmbgSWe7dNFGurl6/7b1OUkHlmN9JWgXVz7w==",
      "dependencies": {
        "moment": ">= 2.9.0"
      },
      "engines": {
        "node": "*"
      }
    }
  },
  "dependencies": {
    "commander": {
      "version": "9.4.1",
      "resolved": "https://registry.npmjs.org/commander/-/commander-9.4.1.tgz",
      "integrity": "sha512-5EEkTNyHNGFPD2H+c/dXXfQZYa/scCKasxWcXJaWnNJ99pnQN9Vnmqow+p+PlFPE63Q6mThaZws1T+HxfpgtPw=="
    },
    "moment": {
      "version": "2.29.4",
      "resolved": "https://registry.npmjs.org/moment/-/moment-2.29.4.tgz",
      "integrity": "sha512-5LC9SOxjSc2HF6vO2CyuTDNivEdoz2IvyJJGj6X8DJ0eFyfszE0QiEd+iXmBvUP3WHxSjFH/vIsA0EN00cgr8w=="
    },
    "moment-timezone": {
      "version": "0.5.39",
      "resolved": "https://registry.npmjs.org/moment-timezone/-/moment-timezone-0.5.39.tgz",
      "integrity": "sha512-hoB6suq4ISDj7BDgctiOy6zljBsdYT0++0ZzZm9rtxIvJhIbQ3nmbgSWe7dNFGurl6/7b1OUkHlmN9JWgXVz7w==",
      "requires": {
        "moment": ">= 2.9.0"
      }
    }
  }
}
